
Microsoft Visual Studio Solution File, Format Version 12.00
# Visual Studio Version 17
VisualStudioVersion = 17.14.37012.4 d17.14
MinimumVisualStudioVersion = 10.0.40219.1
Project("{FAE04EC0-301F-11D3-BF4B-00C04F79EFBC}") = "SMS_API", "SMS_API\SMS_API.csproj", "{7F59E084-6AA8-4526-A404-0BDD43991415}"
EndProject
Global
	GlobalSection(SolutionConfigurationPlatforms) = preSolution
		Debug|Any CPU = Debug|Any CPU
		Release|Any CPU = Release|Any CPU
	EndGlobalSection
	GlobalSection(ProjectConfigurationPlatforms) = postSolution
		{7F59E084-6AA8-4526-A404-0BDD43991415}.Debug|Any CPU.ActiveCfg = Debug|Any CPU
		{7F59E084-6AA8-4526-A404-0BDD43991415}.Debug|Any CPU.Build.0 = Debug|Any CPU
		{7F59E084-6AA8-4526-A404-0BDD43991415}.Release|Any CPU.ActiveCfg = Release|Any CPU
		{7F59E084-6AA8-4526-A404-0BDD43991415}.Release|Any CPU.Build.0 = Release|Any CPU
	EndGlobalSection
	GlobalSection(SolutionProperties) = preSolution
		HideSolutionNode = FALSE
	EndGlobalSection
	GlobalSection(ExtensibilityGlobals) = postSolution
		SolutionGuid = {06270D26-5D37-4B96-9F40-39F10D5C1842}
	EndGlobalSection
EndGlobal
